
Microsoft Visual Studio Solution File, Format Version 12.00
# Visual Studio Version 16
VisualStudioVersion = 16.0.30907.101
MinimumVisualStudioVersion = 10.0.40219.1
Project("{FAE04EC0-301F-11D3-BF4B-00C04F79EFBC}") = "SOproject", "SOproject\SOproject.csproj", "{C8719BDF-7C0C-4CA1-AD77-968FC0648EE6}"
EndProject
Global
	GlobalSection(SolutionConfigurationPlatforms) = preSolution
		Debug|Any CPU = Debug|Any CPU
		Release|Any CPU = Release|Any CPU
	EndGlobalSection
	GlobalSection(ProjectConfigurationPlatforms) = postSolution
		{C8719BDF-7C0C-4CA1-AD77-968FC0648EE6}.Debug|Any CPU.ActiveCfg = Debug|Any CPU
		{C8719BDF-7C0C-4CA1-AD77-968FC0648EE6}.Debug|Any CPU.Build.0 = Debug|Any CPU
		{C8719BDF-7C0C-4CA1-AD77-968FC0648EE6}.Release|Any CPU.ActiveCfg = Release|Any CPU
		{C8719BDF-7C0C-4CA1-AD77-968FC0648EE6}.Release|Any CPU.Build.0 = Release|Any CPU
	EndGlobalSection
	GlobalSection(SolutionProperties) = preSolution
		HideSolutionNode = FALSE
	EndGlobalSection
	GlobalSection(ExtensibilityGlobals) = postSolution
		SolutionGuid = {5F092D00-DF8E-4200-B6B5-96074E0439A0}
	EndGlobalSection
EndGlobal
